Microsoft Visual Studio Solution File, Format Version 12.00
# Visual Studio Version 17
VisualStudioVersion = 17.0.31903.59
MinimumVisualStudioVersion = 10.0.40219.1
Project("{FAE04EC0-301F-11D3-BF4B-00C04F79EFBC}") = "WorkoutApp.Api", "WorkoutApp.Api\WorkoutApp.Api.csproj", "{18A74B3B-4C4F-4635-9545-145F9E09AA64}"
EndProject
Project("{FAE04EC0-301F-11D3-BF4B-00C04F79EFBC}") = "WorkoutApp.Api.Tests", "WorkoutApp.Api.Tests\WorkoutApp.Api.Tests.csproj", "{5AB69B5E-BAF2-41D7-BD80-F220108DD386}"
EndProject
Global
	GlobalSection(SolutionConfigurationPlatforms) = preSolution
		Debug|Any CPU = Debug|Any CPU
		Release|Any CPU = Release|Any CPU
	EndGlobalSection
	GlobalSection(ProjectConfigurationPlatforms) = postSolution
		{18A74B3B-4C4F-4635-9545-145F9E09AA64}.Debug|Any CPU.ActiveCfg = Debug|Any CPU
		{18A74B3B-4C4F-4635-9545-145F9E09AA64}.Debug|Any CPU.Build.0 = Debug|Any CPU
		{18A74B3B-4C4F-4635-9545-145F9E09AA64}.Release|Any CPU.ActiveCfg = Release|Any CPU
		{18A74B3B-4C4F-4635-9545-145F9E09AA64}.Release|Any CPU.Build.0 = Release|Any CPU
		{5AB69B5E-BAF2-41D7-BD80-F220108DD386}.Debug|Any CPU.ActiveCfg = Debug|Any CPU
		{5AB69B5E-BAF2-41D7-BD80-F220108DD386}.Debug|Any CPU.Build.0 = Debug|Any CPU
		{5AB69B5E-BAF2-41D7-BD80-F220108DD386}.Release|Any CPU.ActiveCfg = Release|Any CPU
		{5AB69B5E-BAF2-41D7-BD80-F220108DD386}.Release|Any CPU.Build.0 = Release|Any CPU
	EndGlobalSection
	GlobalSection(SolutionProperties) = preSolution
		HideSolutionNode = FALSE
	EndGlobalSection
EndGlobal
